
Microsoft Visual Studio Solution File, Format Version 12.00
# Visual Studio Version 17
VisualStudioVersion = 17.3.32825.248
MinimumVisualStudioVersion = 10.0.40219.1
Project("{FAE04EC0-301F-11D3-BF4B-00C04F79EFBC}") = "PP_Project", "PP_Project\PP_Project.csproj", "{1D172A03-459C-4D0A-94A3-35F38A5E0AB7}"
EndProject
Global
	GlobalSection(SolutionConfigurationPlatforms) = preSolution
		Debug|Any CPU = Debug|Any CPU
		Release|Any CPU = Release|Any CPU
	EndGlobalSection
	GlobalSection(ProjectConfigurationPlatforms) = postSolution
		{1D172A03-459C-4D0A-94A3-35F38A5E0AB7}.Debug|Any CPU.ActiveCfg = Debug|Any CPU
		{1D172A03-459C-4D0A-94A3-35F38A5E0AB7}.Debug|Any CPU.Build.0 = Debug|Any CPU
		{1D172A03-459C-4D0A-94A3-35F38A5E0AB7}.Release|Any CPU.ActiveCfg = Release|Any CPU
		{1D172A03-459C-4D0A-94A3-35F38A5E0AB7}.Release|Any CPU.Build.0 = Release|Any CPU
	EndGlobalSection
	GlobalSection(SolutionProperties) = preSolution
		HideSolutionNode = FALSE
	EndGlobalSection
	GlobalSection(ExtensibilityGlobals) = postSolution
		SolutionGuid = {D06F906F-01AE-45E2-B2C1-9516FA65FFD8}
	EndGlobalSection
EndGlobal
